
Microsoft Visual Studio Solution File, Format Version 12.00
# Visual Studio 2013
VisualStudioVersion = 12.0.30501.0
MinimumVisualStudioVersion = 10.0.40219.1
Project("{FAE04EC0-301F-11D3-BF4B-00C04F79EFBC}") = "WebApiBook.IssueTrackerApi", "WebApiBook.IssueTrackerApi\WebApiBook.IssueTrackerApi.csproj", "{DDBDD2D6-2BFA-4568-8DBF-8AD846111D78}"
EndProject
Project("{FAE04EC0-301F-11D3-BF4B-00C04F79EFBC}") = "WebApiBook.IssueTrackerApi.AcceptanceTests", "..\test\WebApiBook.IssueTrackerApi.AcceptanceTests\WebApiBook.IssueTrackerApi.AcceptanceTests.csproj", "{A792CD7B-40EE-4619-87C0-1B20FB3B4F6B}"
EndProject
Project("{FAE04EC0-301F-11D3-BF4B-00C04F79EFBC}") = "WebApiBook.IssueTrackerApi.SelfHost", "WebApiBook.IssueTrackerApi.SelfHost\WebApiBook.IssueTrackerApi.SelfHost.csproj", "{5AC1AF4C-FB00-44F6-B8CE-B472A96C5B4B}"
EndProject
Project("{FAE04EC0-301F-11D3-BF4B-00C04F79EFBC}") = "WebApiBook.IssueTrackerApi.IISHost", "WebApiBook.IssueTrackerApi.IISHost\WebApiBook.IssueTrackerApi.IISHost.csproj", "{1B19FB1B-64FA-425C-A01A-EA72378FAC67}"
EndProject
Project("{2150E333-8FDC-42A3-9474-1A3956D46DE8}") = ".nuget", ".nuget", "{35853725-DF0F-46DD-83D7-C89F60F49F8E}"
	ProjectSection(SolutionItems) = preProject
		.nuget\packages.config = .nuget\packages.config
	EndProjectSection
EndProject
Global
	GlobalSection(SolutionConfigurationPlatforms) = preSolution
		Debug|Any CPU = Debug|Any CPU
		Fake Github Source|Any CPU = Fake Github Source|Any CPU
		Release|Any CPU = Release|Any CPU
	EndGlobalSection
	GlobalSection(ProjectConfigurationPlatforms) = postSolution
		{DDBDD2D6-2BFA-4568-8DBF-8AD846111D78}.Debug|Any CPU.ActiveCfg = Debug|Any CPU
		{DDBDD2D6-2BFA-4568-8DBF-8AD846111D78}.Debug|Any CPU.Build.0 = Debug|Any CPU
		{DDBDD2D6-2BFA-4568-8DBF-8AD846111D78}.Fake Github Source|Any CPU.ActiveCfg = Fake Github Source|Any CPU
		{DDBDD2D6-2BFA-4568-8DBF-8AD846111D78}.Fake Github Source|Any CPU.Build.0 = Fake Github Source|Any CPU
		{DDBDD2D6-2BFA-4568-8DBF-8AD846111D78}.Release|Any CPU.ActiveCfg = Release|Any CPU
		{DDBDD2D6-2BFA-4568-8DBF-8AD846111D78}.Release|Any CPU.Build.0 = Release|Any CPU
		{A792CD7B-40EE-4619-87C0-1B20FB3B4F6B}.Debug|Any CPU.ActiveCfg = Debug|Any CPU
		{A792CD7B-40EE-4619-87C0-1B20FB3B4F6B}.Debug|Any CPU.Build.0 = Debug|Any CPU
		{A792CD7B-40EE-4619-87C0-1B20FB3B4F6B}.Fake Github Source|Any CPU.ActiveCfg = Release|Any CPU
		{A792CD7B-40EE-4619-87C0-1B20FB3B4F6B}.Fake Github Source|Any CPU.Build.0 = Release|Any CPU
		{A792CD7B-40EE-4619-87C0-1B20FB3B4F6B}.Release|Any CPU.ActiveCfg = Release|Any CPU
		{A792CD7B-40EE-4619-87C0-1B20FB3B4F6B}.Release|Any CPU.Build.0 = Release|Any CPU
		{5AC1AF4C-FB00-44F6-B8CE-B472A96C5B4B}.Debug|Any CPU.ActiveCfg = Debug|Any CPU
		{5AC1AF4C-FB00-44F6-B8CE-B472A96C5B4B}.Debug|Any CPU.Build.0 = Debug|Any CPU
		{5AC1AF4C-FB00-44F6-B8CE-B472A96C5B4B}.Fake Github Source|Any CPU.ActiveCfg = Release|Any CPU
		{5AC1AF4C-FB00-44F6-B8CE-B472A96C5B4B}.Fake Github Source|Any CPU.Build.0 = Release|Any CPU
		{5AC1AF4C-FB00-44F6-B8CE-B472A96C5B4B}.Release|Any CPU.ActiveCfg = Release|Any CPU
		{5AC1AF4C-FB00-44F6-B8CE-B472A96C5B4B}.Release|Any CPU.Build.0 = Release|Any CPU
		{1B19FB1B-64FA-425C-A01A-EA72378FAC67}.Debug|Any CPU.ActiveCfg = Debug|Any CPU
		{1B19FB1B-64FA-425C-A01A-EA72378FAC67}.Debug|Any CPU.Build.0 = Debug|Any CPU
		{1B19FB1B-64FA-425C-A01A-EA72378FAC67}.Fake Github Source|Any CPU.ActiveCfg = Release|Any CPU
		{1B19FB1B-64FA-425C-A01A-EA72378FAC67}.Fake Github Source|Any CPU.Build.0 = Release|Any CPU
		{1B19FB1B-64FA-425C-A01A-EA72378FAC67}.Release|Any CPU.ActiveCfg = Release|Any CPU
		{1B19FB1B-64FA-425C-A01A-EA72378FAC67}.Release|Any CPU.Build.0 = Release|Any CPU
	EndGlobalSection
	GlobalSection(SolutionProperties) = preSolution
		HideSolutionNode = FALSE
	EndGlobalSection
EndGlobal
